
Microsoft Visual Studio Solution File, Format Version 12.00
# Visual Studio Version 16
VisualStudioVersion = 16.0.31321.278
MinimumVisualStudioVersion = 10.0.40219.1
Project("{9A19103F-16F7-4668-BE54-9A1E7A4F7556}") = "MyCarDealership.Data", "Data\MyCarDealership.Data\MyCarDealership.Data.csproj", "{CD8B3473-7E33-4631-B3D3-B83239BCA037}"
EndProject
Project("{9A19103F-16F7-4668-BE54-9A1E7A4F7556}") = "MyCarDealership.Data.Common", "Data\MyCarDealership.Data.Common\MyCarDealership.Data.Common.csproj", "{1C3B8326-8ECD-46D5-89A6-9B5AAA17C71C}"
EndProject
Project("{9A19103F-16F7-4668-BE54-9A1E7A4F7556}") = "MyCarDealership.Web.ViewModels", "Web\MyCarDealership.Web.ViewModels\MyCarDealership.Web.ViewModels.csproj", "{4CEC0DA1-5C0A-401A-A5B3-056881AB04EE}"
EndProject
Project("{9A19103F-16F7-4668-BE54-9A1E7A4F7556}") = "MyCarDealership.Web.Constants", "Web\MyCarDealership.Web.Constants\MyCarDealership.Web.Constants.csproj", "{D48B46FA-6C3B-4C94-A16B-E73876FE5BF1}"
EndProject
Project("{9A19103F-16F7-4668-BE54-9A1E7A4F7556}") = "MyCarDealership.Data.Models", "Data\MyCarDealership.Data.Models\MyCarDealership.Data.Models.csproj", "{AFD85149-E1F9-40C9-9D90-374F8288BA3E}"
EndProject
Project("{9A19103F-16F7-4668-BE54-9A1E7A4F7556}") = "MyCarDealership.Services", "Services\MyCarDealership.Services\MyCarDealership.Services.csproj", "{AEAB3FC8-E4CC-415C-9E3E-6BE728EC8B8D}"
	ProjectSection(ProjectDependencies) = postProject
		{AFD85149-E1F9-40C9-9D90-374F8288BA3E} = {AFD85149-E1F9-40C9-9D90-374F8288BA3E}
		{CD8B3473-7E33-4631-B3D3-B83239BCA037} = {CD8B3473-7E33-4631-B3D3-B83239BCA037}
		{4CEC0DA1-5C0A-401A-A5B3-056881AB04EE} = {4CEC0DA1-5C0A-401A-A5B3-056881AB04EE}
	EndProjectSection
EndProject
Project("{9A19103F-16F7-4668-BE54-9A1E7A4F7556}") = "MyCarDealership.Web", "Web\MyCarDealership.Web\MyCarDealership.Web.csproj", "{77CD9F55-EA25-4D4E-84B9-7470608ECFC7}"
	ProjectSection(ProjectDependencies) = postProject
		{CD8B3473-7E33-4631-B3D3-B83239BCA037} = {CD8B3473-7E33-4631-B3D3-B83239BCA037}
		{AEAB3FC8-E4CC-415C-9E3E-6BE728EC8B8D} = {AEAB3FC8-E4CC-415C-9E3E-6BE728EC8B8D}
	EndProjectSection
EndProject
Project("{2150E333-8FDC-42A3-9474-1A3956D46DE8}") = "Data", "Data", "{AF9E7DA8-6651-4A3C-87EC-45E8CD6E670C}"
EndProject
Project("{2150E333-8FDC-42A3-9474-1A3956D46DE8}") = "Web", "Web", "{EDA83A5B-6D72-47FE-B4A1-264EB554F4C1}"
EndProject
Project("{2150E333-8FDC-42A3-9474-1A3956D46DE8}") = "Services", "Services", "{61A56F80-C077-4F1E-95E7-A8E727314BA2}"
EndProject
Project("{2150E333-8FDC-42A3-9474-1A3956D46DE8}") = "Tests", "Tests", "{013FE9F8-84DE-4FE7-AD42-080D58C3A91A}"
EndProject
Project("{2150E333-8FDC-42A3-9474-1A3956D46DE8}") = "Infrastructure", "Infrastructure", "{88DD47AF-9C60-47DF-9FCE-E8C5440FF385}"
EndProject
Project("{FAE04EC0-301F-11D3-BF4B-00C04F79EFBC}") = "MyCarDealership.CustomAttributes", "Infrastructure\MyCarDealership.CustomAttributes\MyCarDealership.CustomAttributes.csproj", "{F086EB72-A5F0-4E11-BDCE-3072D8F41FE7}"
EndProject
Project("{FAE04EC0-301F-11D3-BF4B-00C04F79EFBC}") = "MyCarDealership.GlobalConstants", "Infrastructure\MyCarDealership.GlobalConstants\MyCarDealership.GlobalConstants.csproj", "{3ED4465D-E0E4-4E02-B9C8-3E9D3407226B}"
EndProject
Project("{FAE04EC0-301F-11D3-BF4B-00C04F79EFBC}") = "MyCarDealership.MapperConfigurations", "Infrastructure\MyCarDealership.MapperConfigurations\MyCarDealership.MapperConfigurations.csproj", "{6319BC36-DF52-4EA5-9BED-372A188EE869}"
EndProject
Project("{FAE04EC0-301F-11D3-BF4B-00C04F79EFBC}") = "MyCarDealership.Services.Data.Tests", "Tests\MyCarDealership.Services.Data.Tests\MyCarDealership.Services.Data.Tests.csproj", "{BEB5ED67-A952-489D-8A69-64E2D8F05B98}"
EndProject
Project("{FAE04EC0-301F-11D3-BF4B-00C04F79EFBC}") = "MyCarDealership.Web.Tests", "Tests\MyCarDealership.Web.Tests\MyCarDealership.Web.Tests.csproj", "{A5AD3982-988C-4FE1-8180-9B677BA16B11}"
EndProject
Global
	GlobalSection(SolutionConfigurationPlatforms) = preSolution
		Debug|Any CPU = Debug|Any CPU
		Release|Any CPU = Release|Any CPU
	EndGlobalSection
	GlobalSection(ProjectConfigurationPlatforms) = postSolution
		{CD8B3473-7E33-4631-B3D3-B83239BCA037}.Debug|Any CPU.ActiveCfg = Debug|Any CPU
		{CD8B3473-7E33-4631-B3D3-B83239BCA037}.Debug|Any CPU.Build.0 = Debug|Any CPU
		{CD8B3473-7E33-4631-B3D3-B83239BCA037}.Release|Any CPU.ActiveCfg = Release|Any CPU
		{CD8B3473-7E33-4631-B3D3-B83239BCA037}.Release|Any CPU.Build.0 = Release|Any CPU
		{1C3B8326-8ECD-46D5-89A6-9B5AAA17C71C}.Debug|Any CPU.ActiveCfg = Debug|Any CPU
		{1C3B8326-8ECD-46D5-89A6-9B5AAA17C71C}.Debug|Any CPU.Build.0 = Debug|Any CPU
		{1C3B8326-8ECD-46D5-89A6-9B5AAA17C71C}.Release|Any CPU.ActiveCfg = Release|Any CPU
		{1C3B8326-8ECD-46D5-89A6-9B5AAA17C71C}.Release|Any CPU.Build.0 = Release|Any CPU
		{4CEC0DA1-5C0A-401A-A5B3-056881AB04EE}.Debug|Any CPU.ActiveCfg = Debug|Any CPU
		{4CEC0DA1-5C0A-401A-A5B3-056881AB04EE}.Debug|Any CPU.Build.0 = Debug|Any CPU
		{4CEC0DA1-5C0A-401A-A5B3-056881AB04EE}.Release|Any CPU.ActiveCfg = Release|Any CPU
		{4CEC0DA1-5C0A-401A-A5B3-056881AB04EE}.Release|Any CPU.Build.0 = Release|Any CPU
		{D48B46FA-6C3B-4C94-A16B-E73876FE5BF1}.Debug|Any CPU.ActiveCfg = Debug|Any CPU
		{D48B46FA-6C3B-4C94-A16B-E73876FE5BF1}.Debug|Any CPU.Build.0 = Debug|Any CPU
		{D48B46FA-6C3B-4C94-A16B-E73876FE5BF1}.Release|Any CPU.ActiveCfg = Release|Any CPU
		{D48B46FA-6C3B-4C94-A16B-E73876FE5BF1}.Release|Any CPU.Build.0 = Release|Any CPU
		{AFD85149-E1F9-40C9-9D90-374F8288BA3E}.Debug|Any CPU.ActiveCfg = Debug|Any CPU
		{AFD85149-E1F9-40C9-9D90-374F8288BA3E}.Debug|Any CPU.Build.0 = Debug|Any CPU
		{AFD85149-E1F9-40C9-9D90-374F8288BA3E}.Release|Any CPU.ActiveCfg = Release|Any CPU
		{AFD85149-E1F9-40C9-9D90-374F8288BA3E}.Release|Any CPU.Build.0 = Release|Any CPU
		{AEAB3FC8-E4CC-415C-9E3E-6BE728EC8B8D}.Debug|Any CPU.ActiveCfg = Debug|Any CPU
		{AEAB3FC8-E4CC-415C-9E3E-6BE728EC8B8D}.Debug|Any CPU.Build.0 = Debug|Any CPU
		{AEAB3FC8-E4CC-415C-9E3E-6BE728EC8B8D}.Release|Any CPU.ActiveCfg = Release|Any CPU
		{AEAB3FC8-E4CC-415C-9E3E-6BE728EC8B8D}.Release|Any CPU.Build.0 = Release|Any CPU
		{77CD9F55-EA25-4D4E-84B9-7470608ECFC7}.Debug|Any CPU.ActiveCfg = Debug|Any CPU
		{77CD9F55-EA25-4D4E-84B9-7470608ECFC7}.Debug|Any CPU.Build.0 = Debug|Any CPU
		{77CD9F55-EA25-4D4E-84B9-7470608ECFC7}.Release|Any CPU.ActiveCfg = Release|Any CPU
		{77CD9F55-EA25-4D4E-84B9-7470608ECFC7}.Release|Any CPU.Build.0 = Release|Any CPU
		{F086EB72-A5F0-4E11-BDCE-3072D8F41FE7}.Debug|Any CPU.ActiveCfg = Debug|Any CPU
		{F086EB72-A5F0-4E11-BDCE-3072D8F41FE7}.Debug|Any CPU.Build.0 = Debug|Any CPU
		{F086EB72-A5F0-4E11-BDCE-3072D8F41FE7}.Release|Any CPU.ActiveCfg = Release|Any CPU
		{F086EB72-A5F0-4E11-BDCE-3072D8F41FE7}.Release|Any CPU.Build.0 = Release|Any CPU
		{3ED4465D-E0E4-4E02-B9C8-3E9D3407226B}.Debug|Any CPU.ActiveCfg = Debug|Any CPU
		{3ED4465D-E0E4-4E02-B9C8-3E9D3407226B}.Debug|Any CPU.Build.0 = Debug|Any CPU
		{3ED4465D-E0E4-4E02-B9C8-3E9D3407226B}.Release|Any CPU.ActiveCfg = Release|Any CPU
		{3ED4465D-E0E4-4E02-B9C8-3E9D3407226B}.Release|Any CPU.Build.0 = Release|Any CPU
		{6319BC36-DF52-4EA5-9BED-372A188EE869}.Debug|Any CPU.ActiveCfg = Debug|Any CPU
		{6319BC36-DF52-4EA5-9BED-372A188EE869}.Debug|Any CPU.Build.0 = Debug|Any CPU
		{6319BC36-DF52-4EA5-9BED-372A188EE869}.Release|Any CPU.ActiveCfg = Release|Any CPU
		{6319BC36-DF52-4EA5-9BED-372A188EE869}.Release|Any CPU.Build.0 = Release|Any CPU
		{BEB5ED67-A952-489D-8A69-64E2D8F05B98}.Debug|Any CPU.ActiveCfg = Debug|Any CPU
		{BEB5ED67-A952-489D-8A69-64E2D8F05B98}.Debug|Any CPU.Build.0 = Debug|Any CPU
		{BEB5ED67-A952-489D-8A69-64E2D8F05B98}.Release|Any CPU.ActiveCfg = Release|Any CPU
		{BEB5ED67-A952-489D-8A69-64E2D8F05B98}.Release|Any CPU.Build.0 = Release|Any CPU
		{A5AD3982-988C-4FE1-8180-9B677BA16B11}.Debug|Any CPU.ActiveCfg = Debug|Any CPU
		{A5AD3982-988C-4FE1-8180-9B677BA16B11}.Debug|Any CPU.Build.0 = Debug|Any CPU
		{A5AD3982-988C-4FE1-8180-9B677BA16B11}.Release|Any CPU.ActiveCfg = Release|Any CPU
		{A5AD3982-988C-4FE1-8180-9B677BA16B11}.Release|Any CPU.Build.0 = Release|Any CPU
	EndGlobalSection
	GlobalSection(SolutionProperties) = preSolution
		HideSolutionNode = FALSE
	EndGlobalSection
	GlobalSection(NestedProjects) = preSolution
		{CD8B3473-7E33-4631-B3D3-B83239BCA037} = {AF9E7DA8-6651-4A3C-87EC-45E8CD6E670C}
		{1C3B8326-8ECD-46D5-89A6-9B5AAA17C71C} = {AF9E7DA8-6651-4A3C-87EC-45E8CD6E670C}
		{4CEC0DA1-5C0A-401A-A5B3-056881AB04EE} = {EDA83A5B-6D72-47FE-B4A1-264EB554F4C1}
		{D48B46FA-6C3B-4C94-A16B-E73876FE5BF1} = {EDA83A5B-6D72-47FE-B4A1-264EB554F4C1}
		{AFD85149-E1F9-40C9-9D90-374F8288BA3E} = {AF9E7DA8-6651-4A3C-87EC-45E8CD6E670C}
		{AEAB3FC8-E4CC-415C-9E3E-6BE728EC8B8D} = {61A56F80-C077-4F1E-95E7-A8E727314BA2}
		{77CD9F55-EA25-4D4E-84B9-7470608ECFC7} = {EDA83A5B-6D72-47FE-B4A1-264EB554F4C1}
		{F086EB72-A5F0-4E11-BDCE-3072D8F41FE7} = {88DD47AF-9C60-47DF-9FCE-E8C5440FF385}
		{3ED4465D-E0E4-4E02-B9C8-3E9D3407226B} = {88DD47AF-9C60-47DF-9FCE-E8C5440FF385}
		{6319BC36-DF52-4EA5-9BED-372A188EE869} = {88DD47AF-9C60-47DF-9FCE-E8C5440FF385}
		{BEB5ED67-A952-489D-8A69-64E2D8F05B98} = {013FE9F8-84DE-4FE7-AD42-080D58C3A91A}
		{A5AD3982-988C-4FE1-8180-9B677BA16B11} = {013FE9F8-84DE-4FE7-AD42-080D58C3A91A}
	EndGlobalSection
	GlobalSection(ExtensibilityGlobals) = postSolution
		SolutionGuid = {F58AD33E-2526-4C0D-A440-DEAAE473763D}
	EndGlobalSection
EndGlobal
